
Microsoft Visual Studio Solution File, Format Version 12.00
# Visual Studio Version 17
VisualStudioVersion = 17.5.2.0
MinimumVisualStudioVersion = 10.0.40219.1
Project("{2150E333-8FDC-42A3-9474-1A3956D46DE8}") = "src", "src", "{827E0CD3-B72D-47B6-A68D-7590B98EB39B}"
EndProject
Project("{2150E333-8FDC-42A3-9474-1A3956D46DE8}") = "docs", "docs", "{208BA388-4CEE-2CBF-559C-5607C099C1F8}"
EndProject
Project("{2150E333-8FDC-42A3-9474-1A3956D46DE8}") = "tests", "tests", "{0AB3BF05-4346-4AA6-1389-037BE0695223}"
EndProject
Project("{2150E333-8FDC-42A3-9474-1A3956D46DE8}") = "1-Core", "1-Core", "{1E8B9A9A-DF55-9296-D09C-B0CDF55D9CE0}"
EndProject
Project("{2150E333-8FDC-42A3-9474-1A3956D46DE8}") = "2-Infrastructure", "2-Infrastructure", "{63DDB220-A046-7772-7A20-3F5D38BE0CDF}"
EndProject
Project("{2150E333-8FDC-42A3-9474-1A3956D46DE8}") = "3-API", "3-API", "{3E4B8752-FE92-BF0C-7155-5D74CC22C439}"
EndProject
Project("{FAE04EC0-301F-11D3-BF4B-00C04F79EFBC}") = "Tourino.TourLeader.API", "Tourino.TourLeader.API\Tourino.TourLeader.API.csproj", "{F3715144-8248-44DA-A81D-140F90FE6BA2}"
EndProject
Project("{FAE04EC0-301F-11D3-BF4B-00C04F79EFBC}") = "Tourino.Core", "Tourino.Core\Tourino.Core.csproj", "{3F086877-8C00-46D6-BC15-1585513EEFC7}"
EndProject
Project("{FAE04EC0-301F-11D3-BF4B-00C04F79EFBC}") = "Tourino.Infrastructure", "Tourino.Infrastructure\Tourino.Infrastructure.csproj", "{32A4DAA5-9731-4CF1-8864-DA7610C33C5C}"
EndProject
Project("{FAE04EC0-301F-11D3-BF4B-00C04F79EFBC}") = "Tourino.Common.Core", "Tourino.Common.Core\Tourino.Common.Core.csproj", "{C5341AD6-5DB7-4E8E-8568-30B74120D52F}"
EndProject
Global
	GlobalSection(SolutionConfigurationPlatforms) = preSolution
		Debug|Any CPU = Debug|Any CPU
		Debug|x64 = Debug|x64
		Debug|x86 = Debug|x86
		Release|Any CPU = Release|Any CPU
		Release|x64 = Release|x64
		Release|x86 = Release|x86
	EndGlobalSection
	GlobalSection(ProjectConfigurationPlatforms) = postSolution
		{F3715144-8248-44DA-A81D-140F90FE6BA2}.Debug|Any CPU.ActiveCfg = Debug|Any CPU
		{F3715144-8248-44DA-A81D-140F90FE6BA2}.Debug|Any CPU.Build.0 = Debug|Any CPU
		{F3715144-8248-44DA-A81D-140F90FE6BA2}.Debug|x64.ActiveCfg = Debug|Any CPU
		{F3715144-8248-44DA-A81D-140F90FE6BA2}.Debug|x64.Build.0 = Debug|Any CPU
		{F3715144-8248-44DA-A81D-140F90FE6BA2}.Debug|x86.ActiveCfg = Debug|Any CPU
		{F3715144-8248-44DA-A81D-140F90FE6BA2}.Debug|x86.Build.0 = Debug|Any CPU
		{F3715144-8248-44DA-A81D-140F90FE6BA2}.Release|Any CPU.ActiveCfg = Release|Any CPU
		{F3715144-8248-44DA-A81D-140F90FE6BA2}.Release|Any CPU.Build.0 = Release|Any CPU
		{F3715144-8248-44DA-A81D-140F90FE6BA2}.Release|x64.ActiveCfg = Release|Any CPU
		{F3715144-8248-44DA-A81D-140F90FE6BA2}.Release|x64.Build.0 = Release|Any CPU
		{F3715144-8248-44DA-A81D-140F90FE6BA2}.Release|x86.ActiveCfg = Release|Any CPU
		{F3715144-8248-44DA-A81D-140F90FE6BA2}.Release|x86.Build.0 = Release|Any CPU
		{3F086877-8C00-46D6-BC15-1585513EEFC7}.Debug|Any CPU.ActiveCfg = Debug|Any CPU
		{3F086877-8C00-46D6-BC15-1585513EEFC7}.Debug|Any CPU.Build.0 = Debug|Any CPU
		{3F086877-8C00-46D6-BC15-1585513EEFC7}.Debug|x64.ActiveCfg = Debug|Any CPU
		{3F086877-8C00-46D6-BC15-1585513EEFC7}.Debug|x64.Build.0 = Debug|Any CPU
		{3F086877-8C00-46D6-BC15-1585513EEFC7}.Debug|x86.ActiveCfg = Debug|Any CPU
		{3F086877-8C00-46D6-BC15-1585513EEFC7}.Debug|x86.Build.0 = Debug|Any CPU
		{3F086877-8C00-46D6-BC15-1585513EEFC7}.Release|Any CPU.ActiveCfg = Release|Any CPU
		{3F086877-8C00-46D6-BC15-1585513EEFC7}.Release|Any CPU.Build.0 = Release|Any CPU
		{3F086877-8C00-46D6-BC15-1585513EEFC7}.Release|x64.ActiveCfg = Release|Any CPU
		{3F086877-8C00-46D6-BC15-1585513EEFC7}.Release|x64.Build.0 = Release|Any CPU
		{3F086877-8C00-46D6-BC15-1585513EEFC7}.Release|x86.ActiveCfg = Release|Any CPU
		{3F086877-8C00-46D6-BC15-1585513EEFC7}.Release|x86.Build.0 = Release|Any CPU
		{32A4DAA5-9731-4CF1-8864-DA7610C33C5C}.Debug|Any CPU.ActiveCfg = Debug|Any CPU
		{32A4DAA5-9731-4CF1-8864-DA7610C33C5C}.Debug|Any CPU.Build.0 = Debug|Any CPU
		{32A4DAA5-9731-4CF1-8864-DA7610C33C5C}.Debug|x64.ActiveCfg = Debug|Any CPU
		{32A4DAA5-9731-4CF1-8864-DA7610C33C5C}.Debug|x64.Build.0 = Debug|Any CPU
		{32A4DAA5-9731-4CF1-8864-DA7610C33C5C}.Debug|x86.ActiveCfg = Debug|Any CPU
		{32A4DAA5-9731-4CF1-8864-DA7610C33C5C}.Debug|x86.Build.0 = Debug|Any CPU
		{32A4DAA5-9731-4CF1-8864-DA7610C33C5C}.Release|Any CPU.ActiveCfg = Release|Any CPU
		{32A4DAA5-9731-4CF1-8864-DA7610C33C5C}.Release|Any CPU.Build.0 = Release|Any CPU
		{32A4DAA5-9731-4CF1-8864-DA7610C33C5C}.Release|x64.ActiveCfg = Release|Any CPU
		{32A4DAA5-9731-4CF1-8864-DA7610C33C5C}.Release|x64.Build.0 = Release|Any CPU
		{32A4DAA5-9731-4CF1-8864-DA7610C33C5C}.Release|x86.ActiveCfg = Release|Any CPU
		{32A4DAA5-9731-4CF1-8864-DA7610C33C5C}.Release|x86.Build.0 = Release|Any CPU
		{C5341AD6-5DB7-4E8E-8568-30B74120D52F}.Debug|Any CPU.ActiveCfg = Debug|Any CPU
		{C5341AD6-5DB7-4E8E-8568-30B74120D52F}.Debug|Any CPU.Build.0 = Debug|Any CPU
		{C5341AD6-5DB7-4E8E-8568-30B74120D52F}.Debug|x64.ActiveCfg = Debug|Any CPU
		{C5341AD6-5DB7-4E8E-8568-30B74120D52F}.Debug|x64.Build.0 = Debug|Any CPU
		{C5341AD6-5DB7-4E8E-8568-30B74120D52F}.Debug|x86.ActiveCfg = Debug|Any CPU
		{C5341AD6-5DB7-4E8E-8568-30B74120D52F}.Debug|x86.Build.0 = Debug|Any CPU
		{C5341AD6-5DB7-4E8E-8568-30B74120D52F}.Release|Any CPU.ActiveCfg = Release|Any CPU
		{C5341AD6-5DB7-4E8E-8568-30B74120D52F}.Release|Any CPU.Build.0 = Release|Any CPU
		{C5341AD6-5DB7-4E8E-8568-30B74120D52F}.Release|x64.ActiveCfg = Release|Any CPU
		{C5341AD6-5DB7-4E8E-8568-30B74120D52F}.Release|x64.Build.0 = Release|Any CPU
		{C5341AD6-5DB7-4E8E-8568-30B74120D52F}.Release|x86.ActiveCfg = Release|Any CPU
		{C5341AD6-5DB7-4E8E-8568-30B74120D52F}.Release|x86.Build.0 = Release|Any CPU
	EndGlobalSection
	GlobalSection(SolutionProperties) = preSolution
		HideSolutionNode = FALSE
	EndGlobalSection
	GlobalSection(NestedProjects) = preSolution
		{1E8B9A9A-DF55-9296-D09C-B0CDF55D9CE0} = {827E0CD3-B72D-47B6-A68D-7590B98EB39B}
		{63DDB220-A046-7772-7A20-3F5D38BE0CDF} = {827E0CD3-B72D-47B6-A68D-7590B98EB39B}
		{3E4B8752-FE92-BF0C-7155-5D74CC22C439} = {827E0CD3-B72D-47B6-A68D-7590B98EB39B}
		{F3715144-8248-44DA-A81D-140F90FE6BA2} = {3E4B8752-FE92-BF0C-7155-5D74CC22C439}
		{3F086877-8C00-46D6-BC15-1585513EEFC7} = {1E8B9A9A-DF55-9296-D09C-B0CDF55D9CE0}
		{32A4DAA5-9731-4CF1-8864-DA7610C33C5C} = {63DDB220-A046-7772-7A20-3F5D38BE0CDF}
		{C5341AD6-5DB7-4E8E-8568-30B74120D52F} = {1E8B9A9A-DF55-9296-D09C-B0CDF55D9CE0}
	EndGlobalSection
	GlobalSection(ExtensibilityGlobals) = postSolution
		SolutionGuid = {2795C7CB-667E-4C62-B0FD-4A7C3B691E61}
	EndGlobalSection
EndGlobal
